{
  "name": "wbepack5-react18-ts",
  "version": "1.0.0",
  "lockfileVersion": 1,
  "requires": true,
  "dependencies": {
    "jsonc-parser": {
      "version": "3.0.0",
      "resolved": "https://registry.npmmirror.com/jsonc-parser/-/jsonc-parser-3.0.0.tgz",
      "integrity": "sha512-fQzRfAbIBnR0IQvftw9FJveWiHp72Fg20giDrHz6TdfB12UH/uue0D3hm57UB5KgAVuniLMCaS8P1IMj9NR7cA=="
    },
    "local-pkg": {
      "version": "0.4.1",
      "resolved": "https://registry.npmmirror.com/local-pkg/-/local-pkg-0.4.1.tgz",
      "integrity": "sha512-lL87ytIGP2FU5PWwNDo0w3WhIo2gopIAxPg9RxDYF7m4rr5ahuZxP22xnJHIvaLTe4Z9P6uKKY2UHiwyB4pcrw=="
    },
    "mlly": {
      "version": "0.5.3",
      "resolved": "https://registry.npmmirror.com/mlly/-/mlly-0.5.3.tgz",
      "integrity": "sha512-im69tuLD9EJh9fc9TZRpJEFvsBcGMez7glUCWDcHWWCKzhvPmNvyaYjp/+h0qJJN/Xovrs//GzGjOOKmFw4Gog==",
      "requires": {
        "pathe": "^0.2.0",
        "pkg-types": "^0.3.2"
      }
    },
    "pathe": {
      "version": "0.2.0",
      "resolved": "https://registry.npmmirror.com/pathe/-/pathe-0.2.0.tgz",
      "integrity": "sha512-sTitTPYnn23esFR3RlqYBWn4c45WGeLcsKzQiUpXJAyfcWkolvlYpV8FLo7JishK946oQwMFUCHXQ9AjGPKExw=="
    },
    "pkg-exports": {
      "version": "0.0.1",
      "resolved": "https://registry.npmmirror.com/pkg-exports/-/pkg-exports-0.0.1.tgz",
      "integrity": "sha512-QOoO+dBrVAqLIl3uLXE5wHyxozNfAWApF1dg4nMi/myBCi8xJtf3EL1QVR42b4bUsGuqOyLTUTeUnNLt+uscFw==",
      "requires": {
        "local-pkg": "^0.4.1",
        "mlly": "^0.5.3",
        "tinypool": "^0.2.1"
      }
    },
    "pkg-types": {
      "version": "0.3.3",
      "resolved": "https://registry.npmmirror.com/pkg-types/-/pkg-types-0.3.3.tgz",
      "integrity": "sha512-6AJcCMnjUQPQv/Wk960w0TOmjhdjbeaQJoSKWRQv9N3rgkessCu6J0Ydsog/nw1MbpnxHuPzYbfOn2KmlZO1FA==",
      "requires": {
        "jsonc-parser": "^3.0.0",
        "mlly": "^0.5.3",
        "pathe": "^0.3.0"
      },
      "dependencies": {
        "pathe": {
          "version": "0.3.1",
          "resolved": "https://registry.npmmirror.com/pathe/-/pathe-0.3.1.tgz",
          "integrity": "sha512-cKMVe/pikPpreoODbjoliSk0cIT66JjEOWN30akc9WTo8kUjxFPYqmXvMBVPMSAJGJlx6v/nYzqSSHkp1cfezQ=="
        }
      }
    },
    "tinypool": {
      "version": "0.2.1",
      "resolved": "https://registry.npmmirror.com/tinypool/-/tinypool-0.2.1.tgz",
      "integrity": "sha512-HFU5ZYVq3wBfhSaf8qdqGsneaqXm0FgJQpoUlJbVdHpRLzm77IneKAD3RjzJWZvIv0YpPB9S7LUW53f6BE6ZSg=="
    }
  }
}
